Microsoft Visual Studio Solution File, Format Version 12.00
# Visual Studio Version 16
VisualStudioVersion = 16.0.31903.59
MinimumVisualStudioVersion = 10.0.40219.1
Project("{8BC9CEB8-8B4A-11D0-8D11-00A0C91BC942}") = "Calibrate_and_Measure", "Calibrate_and_Measure.vcxproj", "{3A9E1C42-7F2B-4E8D-9A1C-5F6D2B8E4C01}"
EndProject
Global
	GlobalSection(SolutionConfigurationPlatforms) = preSolution
		Debug|x64 = Debug|x64
		Release|x64 = Release|x64
	EndGlobalSection
	GlobalSection(ProjectConfigurationPlatforms) = postSolution
		{3A9E1C42-7F2B-4E8D-9A1C-5F6D2B8E4C01}.Debug|x64.ActiveCfg = Debug|x64
		{3A9E1C42-7F2B-4E8D-9A1C-5F6D2B8E4C01}.Debug|x64.Build.0 = Debug|x64
		{3A9E1C42-7F2B-4E8D-9A1C-5F6D2B8E4C01}.Release|x64.ActiveCfg = Release|x64
		{3A9E1C42-7F2B-4E8D-9A1C-5F6D2B8E4C01}.Release|x64.Build.0 = Release|x64
	EndGlobalSection
	GlobalSection(SolutionProperties) = preSolution
		HideSolutionNode = FALSE
	EndGlobalSection
EndGlobal
